{
  "originHash" : "a91d85f736a4556177512e80b9309cc8b38d0203e6f976b074ea31d49181723e",
  "pins" : [
    {
      "identity" : "apphudsdk",
      "kind" : "remoteSourceControl",
      "location" : "https://github.com/apphud/ApphudSDK",
      "state" : {
        "revision" : "a4d2b93384cc67fa6a853465ff345be6f84b0a72",
        "version" : "3.6.2"
      }
    },
    {
      "identity" : "appsflyerframework",
      "kind" : "remoteSourceControl",
      "location" : "https://github.com/AppsFlyerSDK/AppsFlyerFramework.git",
      "state" : {
        "revision" : "981dc922f2263ba2419b84d1bcd5444cea184c50",
        "version" : "6.17.6"
      }
    }
  ],
  "version" : 3
}
